// !$*UTF8*$!
{
	archiveVersion = 1;
	classes = {
	};
	objectVersion = 46;
	objects = {

/* Begin PBXBuildFile section */
		CFF220CB170C1441003CBD9E /* UIKit.framework in Frameworks */ = {isa = PBXBuildFile; fileRef = CFF220CA170C1441003CBD9E /* UIKit.framework */; };
		CFF220CD170C1441003CBD9E /* Foundation.framework in Frameworks */ = {isa = PBXBuildFile; fileRef = CFF220CC170C1441003CBD9E /* Foundation.framework */; };
		CFF220CF170C1441003CBD9E /* CoreGraphics.framework in Frameworks */ = {isa = PBXBuildFile; fileRef = CFF220CE170C1441003CBD9E /* CoreGraphics.framework */; };
		CFF220D5170C1441003CBD9E /* InfoPlist.strings in Resources */ = {isa = PBXBuildFile; fileRef = CFF220D3170C1441003CBD9E /* InfoPlist.strings */; };
		CFF220D7170C1441003CBD9E /* main.m in Sources */ = {isa = PBXBuildFile; fileRef = CFF220D6170C1441003CBD9E /* main.m */; };
		CFF220DB170C1441003CBD9E /* AppDelegate.m in Sources */ = {isa = PBXBuildFile; fileRef = CFF220DA170C1441003CBD9E /* AppDelegate.m */; };
		CFF220DD170C1441003CBD9E /* Default.png in Resources */ = {isa = PBXBuildFile; fileRef = CFF220DC170C1441003CBD9E /* Default.png */; };
		CFF220DF170C1441003CBD9E /* Default@2x.png in Resources */ = {isa = PBXBuildFile; fileRef = CFF220DE170C1441003CBD9E /* Default@2x.png */; };
		CFF220E1170C1441003CBD9E /* Default-568h@2x.png in Resources */ = {isa = PBXBuildFile; fileRef = CFF220E0170C1441003CBD9E /* Default-568h@2x.png */; };
		CFF220E9170C1441003CBD9E /* SenTestingKit.framework in Frameworks */ = {isa = PBXBuildFile; fileRef = CFF220E8170C1441003CBD9E /* SenTestingKit.framework */; };
		CFF220EA170C1441003CBD9E /* UIKit.framework in Frameworks */ = {isa = PBXBuildFile; fileRef = CFF220CA170C1441003CBD9E /* UIKit.framework */; };
		CFF220EB170C1441003CBD9E /* Foundation.framework in Frameworks */ = {isa = PBXBuildFile; fileRef = CFF220CC170C1441003CBD9E /* Foundation.framework */; };
		CFF220F3170C1441003CBD9E /* InfoPlist.strings in Resources */ = {isa = PBXBuildFile; fileRef = CFF220F1170C1441003CBD9E /* InfoPlist.strings */; };
		CFF220F6170C1441003CBD9E /* PN2Tests.m in Sources */ = {isa = PBXBuildFile; fileRef = CFF220F5170C1441003CBD9E /* PN2Tests.m */; };
/* End PBXBuildFile section */

/* Begin PBXContainerItemProxy section */
		CFF220EC170C1441003CBD9E /* PBXContainerItemProxy */ = {
			isa = PBXContainerItemProxy;
			containerPortal = CFF220BF170C1441003CBD9E /* Project object */;
			proxyType = 1;
			remoteGlobalIDString = CFF220C6170C1441003CBD9E;
			remoteInfo = PN2;
		};
/* End PBXContainerItemProxy section */

/* Begin PBXFileReference section */
		CFF220C7170C1441003CBD9E /* PN2.app */ = {isa = PBXFileReference; explicitFileType = wrapper.application; includeInIndex = 0; path = PN2.app; sourceTree = BUILT_PRODUCTS_DIR; };
		CFF220CA170C1441003CBD9E /* UIKit.framework */ = {isa = PBXFileReference; lastKnownFileType = wrapper.framework; name = UIKit.framework; path = System/Library/Frameworks/UIKit.framework; sourceTree = SDKROOT; };
		CFF220CC170C1441003CBD9E /* Foundation.framework */ = {isa = PBXFileReference; lastKnownFileType = wrapper.framework; name = Foundation.framework; path = System/Library/Frameworks/Foundation.framework; sourceTree = SDKROOT; };
		CFF220CE170C1441003CBD9E /* CoreGraphics.framework */ = {isa = PBXFileReference; lastKnownFileType = wrapper.framework; name = CoreGraphics.framework; path = System/Library/Frameworks/CoreGraphics.framework; sourceTree = SDKROOT; };
		CFF220D2170C1441003CBD9E /* PN2-Info.plist */ = {isa = PBXFileReference; lastKnownFileType = text.plist.xml; path = "PN2-Info.plist"; sourceTree = "<group>"; };
		CFF220D4170C1441003CBD9E /* en */ = {isa = PBXFileReference; lastKnownFileType = text.plist.strings; name = en; path = en.lproj/InfoPlist.strings; sourceTree = "<group>"; };
		CFF220D6170C1441003CBD9E /* main.m */ = {isa = PBXFileReference; lastKnownFileType = sourcecode.c.objc; path = main.m; sourceTree = "<group>"; };
		CFF220D8170C1441003CBD9E /* PN2-Prefix.pch */ = {isa = PBXFileReference; lastKnownFileType = sourcecode.c.h; path = "PN2-Prefix.pch"; sourceTree = "<group>"; };
		CFF220D9170C1441003CBD9E /* AppDelegate.h */ = {isa = PBXFileReference; lastKnownFileType = sourcecode.c.h; path = AppDelegate.h; sourceTree = "<group>"; };
		CFF220DA170C1441003CBD9E /* AppDelegate.m */ = {isa = PBXFileReference; lastKnownFileType = sourcecode.c.objc; path = AppDelegate.m; sourceTree = "<group>"; };
		CFF220DC170C1441003CBD9E /* Default.png */ = {isa = PBXFileReference; lastKnownFileType = image.png; path = Default.png; sourceTree = "<group>"; };
		CFF220DE170C1441003CBD9E /* Default@2x.png */ = {isa = PBXFileReference; lastKnownFileType = image.png; path = "Default@2x.png"; sourceTree = "<group>"; };
		CFF220E0170C1441003CBD9E /* Default-568h@2x.png */ = {isa = PBXFileReference; lastKnownFileType = image.png; path = "Default-568h@2x.png"; sourceTree = "<group>"; };
		CFF220E7170C1441003CBD9E /* PN2Tests.octest */ = {isa = PBXFileReference; explicitFileType = wrapper.cfbundle; includeInIndex = 0; path = PN2Tests.octest; sourceTree = BUILT_PRODUCTS_DIR; };
		CFF220E8170C1441003CBD9E /* SenTestingKit.framework */ = {isa = PBXFileReference; lastKnownFileType = wrapper.framework; name = SenTestingKit.framework; path = Library/Frameworks/SenTestingKit.framework; sourceTree = DEVELOPER_DIR; };
		CFF220F0170C1441003CBD9E /* PN2Tests-Info.plist */ = {isa = PBXFileReference; lastKnownFileType = text.plist.xml; path = "PN2Tests-Info.plist"; sourceTree = "<group>"; };
		CFF220F2170C1441003CBD9E /* en */ = {isa = PBXFileReference; lastKnownFileType = text.plist.strings; name = en; path = en.lproj/InfoPlist.strings; sourceTree = "<group>"; };
		CFF220F4170C1441003CBD9E /* PN2Tests.h */ = {isa = PBXFileReference; lastKnownFileType = sourcecode.c.h; path = PN2Tests.h; sourceTree = "<group>"; };
		CFF220F5170C1441003CBD9E /* PN2Tests.m */ = {isa = PBXFileReference; lastKnownFileType = sourcecode.c.objc; path = PN2Tests.m; sourceTree = "<group>"; };
/* End PBXFileReference section */

/* Begin PBXFrameworksBuildPhase section */
		CFF220C4170C1441003CBD9E /* Frameworks */ = {
			isa = PBXFrameworksBuildPhase;
			buildActionMask = 2147483647;
			files = (
				CFF220CB170C1441003CBD9E /* UIKit.framework in Frameworks */,
				CFF220CD170C1441003CBD9E /* Foundation.framework in Frameworks */,
				CFF220CF170C1441003CBD9E /* CoreGraphics.framework in Frameworks */,
			);
			runOnlyForDeploymentPostprocessing = 0;
		};
		CFF220E3170C1441003CBD9E /* Frameworks */ = {
			isa = PBXFrameworksBuildPhase;
			buildActionMask = 2147483647;
			files = (
				CFF220E9170C1441003CBD9E /* SenTestingKit.framework in Frameworks */,
				CFF220EA170C1441003CBD9E /* UIKit.framework in Frameworks */,
				CFF220EB170C1441003CBD9E /* Foundation.framework in Frameworks */,
			);
			runOnlyForDeploymentPostprocessing = 0;
		};
/* End PBXFrameworksBuildPhase section */

/* Begin PBXGroup section */
		CFF220BE170C1441003CBD9E = {
			isa = PBXGroup;
			children = (
				CFF220D0170C1441003CBD9E /* PN2 */,
				CFF220EE170C1441003CBD9E /* PN2Tests */,
				CFF220C9170C1441003CBD9E /* Frameworks */,
				CFF220C8170C1441003CBD9E /* Products */,
			);
			sourceTree = "<group>";
		};
		CFF220C8170C1441003CBD9E /* Products */ = {
			isa = PBXGroup;
			children = (
				CFF220C7170C1441003CBD9E /* PN2.app */,
				CFF220E7170C1441003CBD9E /* PN2Tests.octest */,
			);
			name = Products;
			sourceTree = "<group>";
		};
		CFF220C9170C1441003CBD9E /* Frameworks */ = {
			isa = PBXGroup;
			children = (
				CFF220CA170C1441003CBD9E /* UIKit.framework */,
				CFF220CC170C1441003CBD9E /* Foundation.framework */,
				CFF220CE170C1441003CBD9E /* CoreGraphics.framework */,
				CFF220E8170C1441003CBD9E /* SenTestingKit.framework */,
			);
			name = Frameworks;
			sourceTree = "<group>";
		};
		CFF220D0170C1441003CBD9E /* PN2 */ = {
			isa = PBXGroup;
			children = (
				CFF220D9170C1441003CBD9E /* AppDelegate.h */,
				CFF220DA170C1441003CBD9E /* AppDelegate.m */,
				CFF220D1170C1441003CBD9E /* Supporting Files */,
			);
			path = PN2;
			sourceTree = "<group>";
		};
		CFF220D1170C1441003CBD9E /* Supporting Files */ = {
			isa = PBXGroup;
			children = (
				CFF220D2170C1441003CBD9E /* PN2-Info.plist */,
				CFF220D3170C1441003CBD9E /* InfoPlist.strings */,
				CFF220D6170C1441003CBD9E /* main.m */,
				CFF220D8170C1441003CBD9E /* PN2-Prefix.pch */,
				CFF220DC170C1441003CBD9E /* Default.png */,
				CFF220DE170C1441003CBD9E /* Default@2x.png */,
				CFF220E0170C1441003CBD9E /* Default-568h@2x.png */,
			);
			name = "Supporting Files";
			sourceTree = "<group>";
		};
		CFF220EE170C1441003CBD9E /* PN2Tests */ = {
			isa = PBXGroup;
			children = (
				CFF220F4170C1441003CBD9E /* PN2Tests.h */,
				CFF220F5170C1441003CBD9E /* PN2Tests.m */,
				CFF220EF170C1441003CBD9E /* Supporting Files */,
			);
			path = PN2Tests;
			sourceTree = "<group>";
		};
		CFF220EF170C1441003CBD9E /* Supporting Files */ = {
			isa = PBXGroup;
			children = (
				CFF220F0170C1441003CBD9E /* PN2Tests-Info.plist */,
				CFF220F1170C1441003CBD9E /* InfoPlist.strings */,
			);
			name = "Supporting Files";
			sourceTree = "<group>";
		};
/* End PBXGroup section */

/* Begin PBXNativeTarget section */
		CFF220C6170C1441003CBD9E /* PN2 */ = {
			isa = PBXNativeTarget;
			buildConfigurationList = CFF220F9170C1441003CBD9E /* Build configuration list for PBXNativeTarget "PN2" */;
			buildPhases = (
				CFF220C3170C1441003CBD9E /* Sources */,
				CFF220C4170C1441003CBD9E /* Frameworks */,
				CFF220C5170C1441003CBD9E /* Resources */,
			);
			buildRules = (
			);
			dependencies = (
			);
			name = PN2;
			productName = PN2;
			productReference = CFF220C7170C1441003CBD9E /* PN2.app */;
			productType = "com.apple.product-type.application";
		};
		CFF220E6170C1441003CBD9E /* PN2Tests */ = {
			isa = PBXNativeTarget;
			buildConfigurationList = CFF220FC170C1441003CBD9E /* Build configuration list for PBXNativeTarget "PN2Tests" */;
			buildPhases = (
				CFF220E2170C1441003CBD9E /* Sources */,
				CFF220E3170C1441003CBD9E /* Frameworks */,
				CFF220E4170C1441003CBD9E /* Resources */,
				CFF220E5170C1441003CBD9E /* ShellScript */,
			);
			buildRules = (
			);
			dependencies = (
				CFF220ED170C1441003CBD9E /* PBXTargetDependency */,
			);
			name = PN2Tests;
			productName = PN2Tests;
			productReference = CFF220E7170C1441003CBD9E /* PN2Tests.octest */;
			productType = "com.apple.product-type.bundle";
		};
/* End PBXNativeTarget section */

/* Begin PBXProject section */
		CFF220BF170C1441003CBD9E /* Project object */ = {
			isa = PBXProject;
			attributes = {
				LastUpgradeCheck = 0460;
				ORGANIZATIONNAME = "Douk Woo Ahn";
			};
			buildConfigurationList = CFF220C2170C1441003CBD9E /* Build configuration list for PBXProject "PN2" */;
			compatibilityVersion = "Xcode 3.2";
			developmentRegion = English;
			hasScannedForEncodings = 0;
			knownRegions = (
				en,
			);
			mainGroup = CFF220BE170C1441003CBD9E;
			productRefGroup = CFF220C8170C1441003CBD9E /* Products */;
			projectDirPath = "";
			projectRoot = "";
			targets = (
				CFF220C6170C1441003CBD9E /* PN2 */,
				CFF220E6170C1441003CBD9E /* PN2Tests */,
			);
		};
/* End PBXProject section */

/* Begin PBXResourcesBuildPhase section */
		CFF220C5170C1441003CBD9E /* Resources */ = {
			isa = PBXResourcesBuildPhase;
			buildActionMask = 2147483647;
			files = (
				CFF220D5170C1441003CBD9E /* InfoPlist.strings in Resources */,
				CFF220DD170C1441003CBD9E /* Default.png in Resources */,
				CFF220DF170C1441003CBD9E /* Default@2x.png in Resources */,
				CFF220E1170C1441003CBD9E /* Default-568h@2x.png in Resources */,
			);
			runOnlyForDeploymentPostprocessing = 0;
		};
		CFF220E4170C1441003CBD9E /* Resources */ = {
			isa = PBXResourcesBuildPhase;
			buildActionMask = 2147483647;
			files = (
				CFF220F3170C1441003CBD9E /* InfoPlist.strings in Resources */,
			);
			runOnlyForDeploymentPostprocessing = 0;
		};
/* End PBXResourcesBuildPhase section */

/* Begin PBXShellScriptBuildPhase section */
		CFF220E5170C1441003CBD9E /* ShellScript */ = {
			isa = PBXShellScriptBuildPhase;
			buildActionMask = 2147483647;
			files = (
			);
			inputPaths = (
			);
			outputPaths = (
			);
			runOnlyForDeploymentPostprocessing = 0;
			shellPath = /bin/sh;
			shellScript = "# Run the unit tests in this test bundle.\n\"${SYSTEM_DEVELOPER_DIR}/Tools/RunUnitTests\"\n";
		};
/* End PBXShellScriptBuildPhase section */

/* Begin PBXSourcesBuildPhase section */
		CFF220C3170C1441003CBD9E /* Sources */ = {
			isa = PBXSourcesBuildPhase;
			buildActionMask = 2147483647;
			files = (
				CFF220D7170C1441003CBD9E /* main.m in Sources */,
				CFF220DB170C1441003CBD9E /* AppDelegate.m in Sources */,
			);
			runOnlyForDeploymentPostprocessing = 0;
		};
		CFF220E2170C1441003CBD9E /* Sources */ = {
			isa = PBXSourcesBuildPhase;
			buildActionMask = 2147483647;
			files = (
				CFF220F6170C1441003CBD9E /* PN2Tests.m in Sources */,
			);
			runOnlyForDeploymentPostprocessing = 0;
		};
/* End PBXSourcesBuildPhase section */

/* Begin PBXTargetDependency section */
		CFF220ED170C1441003CBD9E /* PBXTargetDependency */ = {
			isa = PBXTargetDependency;
			target = CFF220C6170C1441003CBD9E /* PN2 */;
			targetProxy = CFF220EC170C1441003CBD9E /* PBXContainerItemProxy */;
		};
/* End PBXTargetDependency section */

/* Begin PBXVariantGroup section */
		CFF220D3170C1441003CBD9E /* InfoPlist.strings */ = {
			isa = PBXVariantGroup;
			children = (
				CFF220D4170C1441003CBD9E /* en */,
			);
			name = InfoPlist.strings;
			sourceTree = "<group>";
		};
		CFF220F1170C1441003CBD9E /* InfoPlist.strings */ = {
			isa = PBXVariantGroup;
			children = (
				CFF220F2170C1441003CBD9E /* en */,
			);
			name = InfoPlist.strings;
			sourceTree = "<group>";
		};
/* End PBXVariantGroup section */

/* Begin XCBuildConfiguration section */
		CFF220F7170C1441003CBD9E /* Debug */ = {
			isa = XCBuildConfiguration;
			buildSettings = {
				ALWAYS_SEARCH_USER_PATHS = NO;
				CLANG_CXX_LANGUAGE_STANDARD = "gnu++0x";
				CLANG_CXX_LIBRARY = "libc++";
				CLANG_ENABLE_OBJC_ARC = YES;
				CLANG_WARN_CONSTANT_CONVERSION = YES;
				CLANG_WARN_EMPTY_BODY = YES;
				CLANG_WARN_ENUM_CONVERSION = YES;
				CLANG_WARN_INT_CONVERSION = YES;
				CLANG_WARN__DUPLICATE_METHOD_MATCH = YES;
				"CODE_SIGN_IDENTITY[sdk=iphoneos*]" = "iPhone Developer";
				COPY_PHASE_STRIP = NO;
				GCC_C_LANGUAGE_STANDARD = gnu99;
				GCC_DYNAMIC_NO_PIC = NO;
				GCC_OPTIMIZATION_LEVEL = 0;
				GCC_PREPROCESSOR_DEFINITIONS = (
					"DEBUG=1",
					"$(inherited)",
				);
				GCC_SYMBOLS_PRIVATE_EXTERN = NO;
				GCC_WARN_ABOUT_RETURN_TYPE = YES;
				GCC_WARN_UNINITIALIZED_AUTOS = YES;
				GCC_WARN_UNUSED_VARIABLE = YES;
				IPHONEOS_DEPLOYMENT_TARGET = 6.1;
				ONLY_ACTIVE_ARCH = YES;
				SDKROOT = iphoneos;
				TARGETED_DEVICE_FAMILY = 2;
			};
			name = Debug;
		};
		CFF220F8170C1441003CBD9E /* Release */ = {
			isa = XCBuildConfiguration;
			buildSettings = {
				ALWAYS_SEARCH_USER_PATHS = NO;
				CLANG_CXX_LANGUAGE_STANDARD = "gnu++0x";
				CLANG_CXX_LIBRARY = "libc++";
				CLANG_ENABLE_OBJC_ARC = YES;
				CLANG_WARN_CONSTANT_CONVERSION = YES;
				CLANG_WARN_EMPTY_BODY = YES;
				CLANG_WARN_ENUM_CONVERSION = YES;
				CLANG_WARN_INT_CONVERSION = YES;
				CLANG_WARN__DUPLICATE_METHOD_MATCH = YES;
				"CODE_SIGN_IDENTITY[sdk=iphoneos*]" = "iPhone Developer";
				COPY_PHASE_STRIP = YES;
				GCC_C_LANGUAGE_STANDARD = gnu99;
				GCC_WARN_ABOUT_RETURN_TYPE = YES;
				GCC_WARN_UNINITIALIZED_AUTOS = YES;
				GCC_WARN_UNUSED_VARIABLE = YES;
				IPHONEOS_DEPLOYMENT_TARGET = 6.1;
				OTHER_CFLAGS = "-DNS_BLOCK_ASSERTIONS=1";
				SDKROOT = iphoneos;
				TARGETED_DEVICE_FAMILY = 2;
				VALIDATE_PRODUCT = YES;
			};
			name = Release;
		};
		CFF220FA170C1441003CBD9E /* Debug */ = {
			isa = XCBuildConfiguration;
			buildSettings = {
				GCC_PRECOMPILE_PREFIX_HEADER = YES;
				GCC_PREFIX_HEADER = "PN2/PN2-Prefix.pch";
				INFOPLIST_FILE = "PN2/PN2-Info.plist";
				PRODUCT_NAME = "$(TARGET_NAME)";
				WRAPPER_EXTENSION = app;
			};
			name = Debug;
		};
		CFF220FB170C1441003CBD9E /* Release */ = {
			isa = XCBuildConfiguration;
			buildSettings = {
				GCC_PRECOMPILE_PREFIX_HEADER = YES;
				GCC_PREFIX_HEADER = "PN2/PN2-Prefix.pch";
				INFOPLIST_FILE = "PN2/PN2-Info.plist";
				PRODUCT_NAME = "$(TARGET_NAME)";
				WRAPPER_EXTENSION = app;
			};
			name = Release;
		};
		CFF220FD170C1441003CBD9E /* Debug */ = {
			isa = XCBuildConfiguration;
			buildSettings = {
				BUNDLE_LOADER = "$(BUILT_PRODUCTS_DIR)/PN2.app/PN2";
				FRAMEWORK_SEARCH_PATHS = (
					"\"$(SDKROOT)/Developer/Library/Frameworks\"",
					"\"$(DEVELOPER_LIBRARY_DIR)/Frameworks\"",
				);
				GCC_PRECOMPILE_PREFIX_HEADER = YES;
				GCC_PREFIX_HEADER = "PN2/PN2-Prefix.pch";
				INFOPLIST_FILE = "PN2Tests/PN2Tests-Info.plist";
				PRODUCT_NAME = "$(TARGET_NAME)";
				TEST_HOST = "$(BUNDLE_LOADER)";
				WRAPPER_EXTENSION = octest;
			};
			name = Debug;
		};
		CFF220FE170C1441003CBD9E /* Release */ = {
			isa = XCBuildConfiguration;
			buildSettings = {
				BUNDLE_LOADER = "$(BUILT_PRODUCTS_DIR)/PN2.app/PN2";
				FRAMEWORK_SEARCH_PATHS = (
					"\"$(SDKROOT)/Developer/Library/Frameworks\"",
					"\"$(DEVELOPER_LIBRARY_DIR)/Frameworks\"",
				);
				GCC_PRECOMPILE_PREFIX_HEADER = YES;
				GCC_PREFIX_HEADER = "PN2/PN2-Prefix.pch";
				INFOPLIST_FILE = "PN2Tests/PN2Tests-Info.plist";
				PRODUCT_NAME = "$(TARGET_NAME)";
				TEST_HOST = "$(BUNDLE_LOADER)";
				WRAPPER_EXTENSION = octest;
			};
			name = Release;
		};
/* End XCBuildConfiguration section */

/* Begin XCConfigurationList section */
		CFF220C2170C1441003CBD9E /* Build configuration list for PBXProject "PN2" */ = {
			isa = XCConfigurationList;
			buildConfigurations = (
				CFF220F7170C1441003CBD9E /* Debug */,
				CFF220F8170C1441003CBD9E /* Release */,
			);
			defaultConfigurationIsVisible = 0;
			defaultConfigurationName = Release;
		};
		CFF220F9170C1441003CBD9E /* Build configuration list for PBXNativeTarget "PN2" */ = {
			isa = XCConfigurationList;
			buildConfigurations = (
				CFF220FA170C1441003CBD9E /* Debug */,
				CFF220FB170C1441003CBD9E /* Release */,
			);
			defaultConfigurationIsVisible = 0;
		};
		CFF220FC170C1441003CBD9E /* Build configuration list for PBXNativeTarget "PN2Tests" */ = {
			isa = XCConfigurationList;
			buildConfigurations = (
				CFF220FD170C1441003CBD9E /* Debug */,
				CFF220FE170C1441003CBD9E /* Release */,
			);
			defaultConfigurationIsVisible = 0;
		};
/* End XCConfigurationList section */
	};
	rootObject = CFF220BF170C1441003CBD9E /* Project object */;
}
