// !$*UTF8*$!
{
	archiveVersion = 1;
	classes = {
	};
	objectVersion = 46;
	objects = {

/* Begin PBXBuildFile section */
		CFF2208A170C13F9003CBD9E /* UIKit.framework in Frameworks */ = {isa = PBXBuildFile; fileRef = CFF22089170C13F9003CBD9E /* UIKit.framework */; };
		CFF2208C170C13F9003CBD9E /* Foundation.framework in Frameworks */ = {isa = PBXBuildFile; fileRef = CFF2208B170C13F9003CBD9E /* Foundation.framework */; };
		CFF2208E170C13F9003CBD9E /* CoreGraphics.framework in Frameworks */ = {isa = PBXBuildFile; fileRef = CFF2208D170C13F9003CBD9E /* CoreGraphics.framework */; };
		CFF22094170C13F9003CBD9E /* InfoPlist.strings in Resources */ = {isa = PBXBuildFile; fileRef = CFF22092170C13F9003CBD9E /* InfoPlist.strings */; };
		CFF22096170C13F9003CBD9E /* main.m in Sources */ = {isa = PBXBuildFile; fileRef = CFF22095170C13F9003CBD9E /* main.m */; };
		CFF2209A170C13F9003CBD9E /* AppDelegate.m in Sources */ = {isa = PBXBuildFile; fileRef = CFF22099170C13F9003CBD9E /* AppDelegate.m */; };
		CFF2209C170C13F9003CBD9E /* Default.png in Resources */ = {isa = PBXBuildFile; fileRef = CFF2209B170C13F9003CBD9E /* Default.png */; };
		CFF2209E170C13F9003CBD9E /* Default@2x.png in Resources */ = {isa = PBXBuildFile; fileRef = CFF2209D170C13F9003CBD9E /* Default@2x.png */; };
		CFF220A0170C13F9003CBD9E /* Default-568h@2x.png in Resources */ = {isa = PBXBuildFile; fileRef = CFF2209F170C13F9003CBD9E /* Default-568h@2x.png */; };
		CFF220A8170C13F9003CBD9E /* SenTestingKit.framework in Frameworks */ = {isa = PBXBuildFile; fileRef = CFF220A7170C13F9003CBD9E /* SenTestingKit.framework */; };
		CFF220A9170C13F9003CBD9E /* UIKit.framework in Frameworks */ = {isa = PBXBuildFile; fileRef = CFF22089170C13F9003CBD9E /* UIKit.framework */; };
		CFF220AA170C13F9003CBD9E /* Foundation.framework in Frameworks */ = {isa = PBXBuildFile; fileRef = CFF2208B170C13F9003CBD9E /* Foundation.framework */; };
		CFF220B2170C13FA003CBD9E /* InfoPlist.strings in Resources */ = {isa = PBXBuildFile; fileRef = CFF220B0170C13FA003CBD9E /* InfoPlist.strings */; };
		CFF220B5170C13FA003CBD9E /* PNTests.m in Sources */ = {isa = PBXBuildFile; fileRef = CFF220B4170C13FA003CBD9E /* PNTests.m */; };
/* End PBXBuildFile section */

/* Begin PBXContainerItemProxy section */
		CFF220AB170C13FA003CBD9E /* PBXContainerItemProxy */ = {
			isa = PBXContainerItemProxy;
			containerPortal = CFF2207E170C13F9003CBD9E /* Project object */;
			proxyType = 1;
			remoteGlobalIDString = CFF22085170C13F9003CBD9E;
			remoteInfo = PN;
		};
/* End PBXContainerItemProxy section */

/* Begin PBXFileReference section */
		CFF22086170C13F9003CBD9E /* PN.app */ = {isa = PBXFileReference; explicitFileType = wrapper.application; includeInIndex = 0; path = PN.app; sourceTree = BUILT_PRODUCTS_DIR; };
		CFF22089170C13F9003CBD9E /* UIKit.framework */ = {isa = PBXFileReference; lastKnownFileType = wrapper.framework; name = UIKit.framework; path = System/Library/Frameworks/UIKit.framework; sourceTree = SDKROOT; };
		CFF2208B170C13F9003CBD9E /* Foundation.framework */ = {isa = PBXFileReference; lastKnownFileType = wrapper.framework; name = Foundation.framework; path = System/Library/Frameworks/Foundation.framework; sourceTree = SDKROOT; };
		CFF2208D170C13F9003CBD9E /* CoreGraphics.framework */ = {isa = PBXFileReference; lastKnownFileType = wrapper.framework; name = CoreGraphics.framework; path = System/Library/Frameworks/CoreGraphics.framework; sourceTree = SDKROOT; };
		CFF22091170C13F9003CBD9E /* PN-Info.plist */ = {isa = PBXFileReference; lastKnownFileType = text.plist.xml; path = "PN-Info.plist"; sourceTree = "<group>"; };
		CFF22093170C13F9003CBD9E /* en */ = {isa = PBXFileReference; lastKnownFileType = text.plist.strings; name = en; path = en.lproj/InfoPlist.strings; sourceTree = "<group>"; };
		CFF22095170C13F9003CBD9E /* main.m */ = {isa = PBXFileReference; lastKnownFileType = sourcecode.c.objc; path = main.m; sourceTree = "<group>"; };
		CFF22097170C13F9003CBD9E /* PN-Prefix.pch */ = {isa = PBXFileReference; lastKnownFileType = sourcecode.c.h; path = "PN-Prefix.pch"; sourceTree = "<group>"; };
		CFF22098170C13F9003CBD9E /* AppDelegate.h */ = {isa = PBXFileReference; lastKnownFileType = sourcecode.c.h; path = AppDelegate.h; sourceTree = "<group>"; };
		CFF22099170C13F9003CBD9E /* AppDelegate.m */ = {isa = PBXFileReference; lastKnownFileType = sourcecode.c.objc; path = AppDelegate.m; sourceTree = "<group>"; };
		CFF2209B170C13F9003CBD9E /* Default.png */ = {isa = PBXFileReference; lastKnownFileType = image.png; path = Default.png; sourceTree = "<group>"; };
		CFF2209D170C13F9003CBD9E /* Default@2x.png */ = {isa = PBXFileReference; lastKnownFileType = image.png; path = "Default@2x.png"; sourceTree = "<group>"; };
		CFF2209F170C13F9003CBD9E /* Default-568h@2x.png */ = {isa = PBXFileReference; lastKnownFileType = image.png; path = "Default-568h@2x.png"; sourceTree = "<group>"; };
		CFF220A6170C13F9003CBD9E /* PNTests.octest */ = {isa = PBXFileReference; explicitFileType = wrapper.cfbundle; includeInIndex = 0; path = PNTests.octest; sourceTree = BUILT_PRODUCTS_DIR; };
		CFF220A7170C13F9003CBD9E /* SenTestingKit.framework */ = {isa = PBXFileReference; lastKnownFileType = wrapper.framework; name = SenTestingKit.framework; path = Library/Frameworks/SenTestingKit.framework; sourceTree = DEVELOPER_DIR; };
		CFF220AF170C13FA003CBD9E /* PNTests-Info.plist */ = {isa = PBXFileReference; lastKnownFileType = text.plist.xml; path = "PNTests-Info.plist"; sourceTree = "<group>"; };
		CFF220B1170C13FA003CBD9E /* en */ = {isa = PBXFileReference; lastKnownFileType = text.plist.strings; name = en; path = en.lproj/InfoPlist.strings; sourceTree = "<group>"; };
		CFF220B3170C13FA003CBD9E /* PNTests.h */ = {isa = PBXFileReference; lastKnownFileType = sourcecode.c.h; path = PNTests.h; sourceTree = "<group>"; };
		CFF220B4170C13FA003CBD9E /* PNTests.m */ = {isa = PBXFileReference; lastKnownFileType = sourcecode.c.objc; path = PNTests.m; sourceTree = "<group>"; };
/* End PBXFileReference section */

/* Begin PBXFrameworksBuildPhase section */
		CFF22083170C13F9003CBD9E /* Frameworks */ = {
			isa = PBXFrameworksBuildPhase;
			buildActionMask = 2147483647;
			files = (
				CFF2208A170C13F9003CBD9E /* UIKit.framework in Frameworks */,
				CFF2208C170C13F9003CBD9E /* Foundation.framework in Frameworks */,
				CFF2208E170C13F9003CBD9E /* CoreGraphics.framework in Frameworks */,
			);
			runOnlyForDeploymentPostprocessing = 0;
		};
		CFF220A2170C13F9003CBD9E /* Frameworks */ = {
			isa = PBXFrameworksBuildPhase;
			buildActionMask = 2147483647;
			files = (
				CFF220A8170C13F9003CBD9E /* SenTestingKit.framework in Frameworks */,
				CFF220A9170C13F9003CBD9E /* UIKit.framework in Frameworks */,
				CFF220AA170C13F9003CBD9E /* Foundation.framework in Frameworks */,
			);
			runOnlyForDeploymentPostprocessing = 0;
		};
/* End PBXFrameworksBuildPhase section */

/* Begin PBXGroup section */
		CFF2207D170C13F9003CBD9E = {
			isa = PBXGroup;
			children = (
				CFF2208F170C13F9003CBD9E /* PN */,
				CFF220AD170C13FA003CBD9E /* PNTests */,
				CFF22088170C13F9003CBD9E /* Frameworks */,
				CFF22087170C13F9003CBD9E /* Products */,
			);
			sourceTree = "<group>";
		};
		CFF22087170C13F9003CBD9E /* Products */ = {
			isa = PBXGroup;
			children = (
				CFF22086170C13F9003CBD9E /* PN.app */,
				CFF220A6170C13F9003CBD9E /* PNTests.octest */,
			);
			name = Products;
			sourceTree = "<group>";
		};
		CFF22088170C13F9003CBD9E /* Frameworks */ = {
			isa = PBXGroup;
			children = (
				CFF22089170C13F9003CBD9E /* UIKit.framework */,
				CFF2208B170C13F9003CBD9E /* Foundation.framework */,
				CFF2208D170C13F9003CBD9E /* CoreGraphics.framework */,
				CFF220A7170C13F9003CBD9E /* SenTestingKit.framework */,
			);
			name = Frameworks;
			sourceTree = "<group>";
		};
		CFF2208F170C13F9003CBD9E /* PN */ = {
			isa = PBXGroup;
			children = (
				CFF22098170C13F9003CBD9E /* AppDelegate.h */,
				CFF22099170C13F9003CBD9E /* AppDelegate.m */,
				CFF22090170C13F9003CBD9E /* Supporting Files */,
			);
			path = PN;
			sourceTree = "<group>";
		};
		CFF22090170C13F9003CBD9E /* Supporting Files */ = {
			isa = PBXGroup;
			children = (
				CFF22091170C13F9003CBD9E /* PN-Info.plist */,
				CFF22092170C13F9003CBD9E /* InfoPlist.strings */,
				CFF22095170C13F9003CBD9E /* main.m */,
				CFF22097170C13F9003CBD9E /* PN-Prefix.pch */,
				CFF2209B170C13F9003CBD9E /* Default.png */,
				CFF2209D170C13F9003CBD9E /* Default@2x.png */,
				CFF2209F170C13F9003CBD9E /* Default-568h@2x.png */,
			);
			name = "Supporting Files";
			sourceTree = "<group>";
		};
		CFF220AD170C13FA003CBD9E /* PNTests */ = {
			isa = PBXGroup;
			children = (
				CFF220B3170C13FA003CBD9E /* PNTests.h */,
				CFF220B4170C13FA003CBD9E /* PNTests.m */,
				CFF220AE170C13FA003CBD9E /* Supporting Files */,
			);
			path = PNTests;
			sourceTree = "<group>";
		};
		CFF220AE170C13FA003CBD9E /* Supporting Files */ = {
			isa = PBXGroup;
			children = (
				CFF220AF170C13FA003CBD9E /* PNTests-Info.plist */,
				CFF220B0170C13FA003CBD9E /* InfoPlist.strings */,
			);
			name = "Supporting Files";
			sourceTree = "<group>";
		};
/* End PBXGroup section */

/* Begin PBXNativeTarget section */
		CFF22085170C13F9003CBD9E /* PN */ = {
			isa = PBXNativeTarget;
			buildConfigurationList = CFF220B8170C13FA003CBD9E /* Build configuration list for PBXNativeTarget "PN" */;
			buildPhases = (
				CFF22082170C13F9003CBD9E /* Sources */,
				CFF22083170C13F9003CBD9E /* Frameworks */,
				CFF22084170C13F9003CBD9E /* Resources */,
			);
			buildRules = (
			);
			dependencies = (
			);
			name = PN;
			productName = PN;
			productReference = CFF22086170C13F9003CBD9E /* PN.app */;
			productType = "com.apple.product-type.application";
		};
		CFF220A5170C13F9003CBD9E /* PNTests */ = {
			isa = PBXNativeTarget;
			buildConfigurationList = CFF220BB170C13FA003CBD9E /* Build configuration list for PBXNativeTarget "PNTests" */;
			buildPhases = (
				CFF220A1170C13F9003CBD9E /* Sources */,
				CFF220A2170C13F9003CBD9E /* Frameworks */,
				CFF220A3170C13F9003CBD9E /* Resources */,
				CFF220A4170C13F9003CBD9E /* ShellScript */,
			);
			buildRules = (
			);
			dependencies = (
				CFF220AC170C13FA003CBD9E /* PBXTargetDependency */,
			);
			name = PNTests;
			productName = PNTests;
			productReference = CFF220A6170C13F9003CBD9E /* PNTests.octest */;
			productType = "com.apple.product-type.bundle";
		};
/* End PBXNativeTarget section */

/* Begin PBXProject section */
		CFF2207E170C13F9003CBD9E /* Project object */ = {
			isa = PBXProject;
			attributes = {
				LastUpgradeCheck = 0460;
				ORGANIZATIONNAME = "Douk Woo Ahn";
			};
			buildConfigurationList = CFF22081170C13F9003CBD9E /* Build configuration list for PBXProject "PN" */;
			compatibilityVersion = "Xcode 3.2";
			developmentRegion = English;
			hasScannedForEncodings = 0;
			knownRegions = (
				en,
			);
			mainGroup = CFF2207D170C13F9003CBD9E;
			productRefGroup = CFF22087170C13F9003CBD9E /* Products */;
			projectDirPath = "";
			projectRoot = "";
			targets = (
				CFF22085170C13F9003CBD9E /* PN */,
				CFF220A5170C13F9003CBD9E /* PNTests */,
			);
		};
/* End PBXProject section */

/* Begin PBXResourcesBuildPhase section */
		CFF22084170C13F9003CBD9E /* Resources */ = {
			isa = PBXResourcesBuildPhase;
			buildActionMask = 2147483647;
			files = (
				CFF22094170C13F9003CBD9E /* InfoPlist.strings in Resources */,
				CFF2209C170C13F9003CBD9E /* Default.png in Resources */,
				CFF2209E170C13F9003CBD9E /* Default@2x.png in Resources */,
				CFF220A0170C13F9003CBD9E /* Default-568h@2x.png in Resources */,
			);
			runOnlyForDeploymentPostprocessing = 0;
		};
		CFF220A3170C13F9003CBD9E /* Resources */ = {
			isa = PBXResourcesBuildPhase;
			buildActionMask = 2147483647;
			files = (
				CFF220B2170C13FA003CBD9E /* InfoPlist.strings in Resources */,
			);
			runOnlyForDeploymentPostprocessing = 0;
		};
/* End PBXResourcesBuildPhase section */

/* Begin PBXShellScriptBuildPhase section */
		CFF220A4170C13F9003CBD9E /* ShellScript */ = {
			isa = PBXShellScriptBuildPhase;
			buildActionMask = 2147483647;
			files = (
			);
			inputPaths = (
			);
			outputPaths = (
			);
			runOnlyForDeploymentPostprocessing = 0;
			shellPath = /bin/sh;
			shellScript = "# Run the unit tests in this test bundle.\n\"${SYSTEM_DEVELOPER_DIR}/Tools/RunUnitTests\"\n";
		};
/* End PBXShellScriptBuildPhase section */

/* Begin PBXSourcesBuildPhase section */
		CFF22082170C13F9003CBD9E /* Sources */ = {
			isa = PBXSourcesBuildPhase;
			buildActionMask = 2147483647;
			files = (
				CFF22096170C13F9003CBD9E /* main.m in Sources */,
				CFF2209A170C13F9003CBD9E /* AppDelegate.m in Sources */,
			);
			runOnlyForDeploymentPostprocessing = 0;
		};
		CFF220A1170C13F9003CBD9E /* Sources */ = {
			isa = PBXSourcesBuildPhase;
			buildActionMask = 2147483647;
			files = (
				CFF220B5170C13FA003CBD9E /* PNTests.m in Sources */,
			);
			runOnlyForDeploymentPostprocessing = 0;
		};
/* End PBXSourcesBuildPhase section */

/* Begin PBXTargetDependency section */
		CFF220AC170C13FA003CBD9E /* PBXTargetDependency */ = {
			isa = PBXTargetDependency;
			target = CFF22085170C13F9003CBD9E /* PN */;
			targetProxy = CFF220AB170C13FA003CBD9E /* PBXContainerItemProxy */;
		};
/* End PBXTargetDependency section */

/* Begin PBXVariantGroup section */
		CFF22092170C13F9003CBD9E /* InfoPlist.strings */ = {
			isa = PBXVariantGroup;
			children = (
				CFF22093170C13F9003CBD9E /* en */,
			);
			name = InfoPlist.strings;
			sourceTree = "<group>";
		};
		CFF220B0170C13FA003CBD9E /* InfoPlist.strings */ = {
			isa = PBXVariantGroup;
			children = (
				CFF220B1170C13FA003CBD9E /* en */,
			);
			name = InfoPlist.strings;
			sourceTree = "<group>";
		};
/* End PBXVariantGroup section */

/* Begin XCBuildConfiguration section */
		CFF220B6170C13FA003CBD9E /* Debug */ = {
			isa = XCBuildConfiguration;
			buildSettings = {
				ALWAYS_SEARCH_USER_PATHS = NO;
				CLANG_CXX_LANGUAGE_STANDARD = "gnu++0x";
				CLANG_CXX_LIBRARY = "libc++";
				CLANG_ENABLE_OBJC_ARC = YES;
				CLANG_WARN_CONSTANT_CONVERSION = YES;
				CLANG_WARN_EMPTY_BODY = YES;
				CLANG_WARN_ENUM_CONVERSION = YES;
				CLANG_WARN_INT_CONVERSION = YES;
				CLANG_WARN__DUPLICATE_METHOD_MATCH = YES;
				"CODE_SIGN_IDENTITY[sdk=iphoneos*]" = "iPhone Developer";
				COPY_PHASE_STRIP = NO;
				GCC_C_LANGUAGE_STANDARD = gnu99;
				GCC_DYNAMIC_NO_PIC = NO;
				GCC_OPTIMIZATION_LEVEL = 0;
				GCC_PREPROCESSOR_DEFINITIONS = (
					"DEBUG=1",
					"$(inherited)",
				);
				GCC_SYMBOLS_PRIVATE_EXTERN = NO;
				GCC_WARN_ABOUT_RETURN_TYPE = YES;
				GCC_WARN_UNINITIALIZED_AUTOS = YES;
				GCC_WARN_UNUSED_VARIABLE = YES;
				IPHONEOS_DEPLOYMENT_TARGET = 6.1;
				ONLY_ACTIVE_ARCH = YES;
				SDKROOT = iphoneos;
				TARGETED_DEVICE_FAMILY = "1,2";
			};
			name = Debug;
		};
		CFF220B7170C13FA003CBD9E /* Release */ = {
			isa = XCBuildConfiguration;
			buildSettings = {
				ALWAYS_SEARCH_USER_PATHS = NO;
				CLANG_CXX_LANGUAGE_STANDARD = "gnu++0x";
				CLANG_CXX_LIBRARY = "libc++";
				CLANG_ENABLE_OBJC_ARC = YES;
				CLANG_WARN_CONSTANT_CONVERSION = YES;
				CLANG_WARN_EMPTY_BODY = YES;
				CLANG_WARN_ENUM_CONVERSION = YES;
				CLANG_WARN_INT_CONVERSION = YES;
				CLANG_WARN__DUPLICATE_METHOD_MATCH = YES;
				"CODE_SIGN_IDENTITY[sdk=iphoneos*]" = "iPhone Developer";
				COPY_PHASE_STRIP = YES;
				GCC_C_LANGUAGE_STANDARD = gnu99;
				GCC_WARN_ABOUT_RETURN_TYPE = YES;
				GCC_WARN_UNINITIALIZED_AUTOS = YES;
				GCC_WARN_UNUSED_VARIABLE = YES;
				IPHONEOS_DEPLOYMENT_TARGET = 6.1;
				OTHER_CFLAGS = "-DNS_BLOCK_ASSERTIONS=1";
				SDKROOT = iphoneos;
				TARGETED_DEVICE_FAMILY = "1,2";
				VALIDATE_PRODUCT = YES;
			};
			name = Release;
		};
		CFF220B9170C13FA003CBD9E /* Debug */ = {
			isa = XCBuildConfiguration;
			buildSettings = {
				GCC_PRECOMPILE_PREFIX_HEADER = YES;
				GCC_PREFIX_HEADER = "PN/PN-Prefix.pch";
				INFOPLIST_FILE = "PN/PN-Info.plist";
				PRODUCT_NAME = "$(TARGET_NAME)";
				WRAPPER_EXTENSION = app;
			};
			name = Debug;
		};
		CFF220BA170C13FA003CBD9E /* Release */ = {
			isa = XCBuildConfiguration;
			buildSettings = {
				GCC_PRECOMPILE_PREFIX_HEADER = YES;
				GCC_PREFIX_HEADER = "PN/PN-Prefix.pch";
				INFOPLIST_FILE = "PN/PN-Info.plist";
				PRODUCT_NAME = "$(TARGET_NAME)";
				WRAPPER_EXTENSION = app;
			};
			name = Release;
		};
		CFF220BC170C13FA003CBD9E /* Debug */ = {
			isa = XCBuildConfiguration;
			buildSettings = {
				BUNDLE_LOADER = "$(BUILT_PRODUCTS_DIR)/PN.app/PN";
				FRAMEWORK_SEARCH_PATHS = (
					"\"$(SDKROOT)/Developer/Library/Frameworks\"",
					"\"$(DEVELOPER_LIBRARY_DIR)/Frameworks\"",
				);
				GCC_PRECOMPILE_PREFIX_HEADER = YES;
				GCC_PREFIX_HEADER = "PN/PN-Prefix.pch";
				INFOPLIST_FILE = "PNTests/PNTests-Info.plist";
				PRODUCT_NAME = "$(TARGET_NAME)";
				TEST_HOST = "$(BUNDLE_LOADER)";
				WRAPPER_EXTENSION = octest;
			};
			name = Debug;
		};
		CFF220BD170C13FA003CBD9E /* Release */ = {
			isa = XCBuildConfiguration;
			buildSettings = {
				BUNDLE_LOADER = "$(BUILT_PRODUCTS_DIR)/PN.app/PN";
				FRAMEWORK_SEARCH_PATHS = (
					"\"$(SDKROOT)/Developer/Library/Frameworks\"",
					"\"$(DEVELOPER_LIBRARY_DIR)/Frameworks\"",
				);
				GCC_PRECOMPILE_PREFIX_HEADER = YES;
				GCC_PREFIX_HEADER = "PN/PN-Prefix.pch";
				INFOPLIST_FILE = "PNTests/PNTests-Info.plist";
				PRODUCT_NAME = "$(TARGET_NAME)";
				TEST_HOST = "$(BUNDLE_LOADER)";
				WRAPPER_EXTENSION = octest;
			};
			name = Release;
		};
/* End XCBuildConfiguration section */

/* Begin XCConfigurationList section */
		CFF22081170C13F9003CBD9E /* Build configuration list for PBXProject "PN" */ = {
			isa = XCConfigurationList;
			buildConfigurations = (
				CFF220B6170C13FA003CBD9E /* Debug */,
				CFF220B7170C13FA003CBD9E /* Release */,
			);
			defaultConfigurationIsVisible = 0;
			defaultConfigurationName = Release;
		};
		CFF220B8170C13FA003CBD9E /* Build configuration list for PBXNativeTarget "PN" */ = {
			isa = XCConfigurationList;
			buildConfigurations = (
				CFF220B9170C13FA003CBD9E /* Debug */,
				CFF220BA170C13FA003CBD9E /* Release */,
			);
			defaultConfigurationIsVisible = 0;
		};
		CFF220BB170C13FA003CBD9E /* Build configuration list for PBXNativeTarget "PNTests" */ = {
			isa = XCConfigurationList;
			buildConfigurations = (
				CFF220BC170C13FA003CBD9E /* Debug */,
				CFF220BD170C13FA003CBD9E /* Release */,
			);
			defaultConfigurationIsVisible = 0;
		};
/* End XCConfigurationList section */
	};
	rootObject = CFF2207E170C13F9003CBD9E /* Project object */;
}
